github.com/davecgh/go-spew v1.1.1 h1:vj9j/u1bqnvCEfJOwUhtlOARqs3+rkHYY13jYWTU97c=
github.com/davecgh/go-spew v1.1.1/go.mod h1:J7Y8YcW2NihsgmVo/mv3lAwl/skON4iLHjSsI+c5H38=
github.com/gowool/extends-template v0.0.0-20240901012006-3ead36bbe616 h1:bH7whT1lZDTNI4wsORBQSysybWqjoiFkYHAxdJDMxRM=
github.com/gowool/extends-template v0.0.0-20240901012006-3ead36bbe616/go.mod h1:W3K9AY0pIFcL5e0+YbGnad/wHqmKdkih8fR1ZBJuBgE=
github.com/segmentio/go-camelcase v0.0.0-20160726192923-7085f1e3c734 h1:Cpx2WLIv6fuPvaJAHNhYOgYzk/8RcJXu/8+mOrxf2KM=
github.com/segmentio/go-camelcase v0.0.0-20160726192923-7085f1e3c734/go.mod h1:hqVOMAwu+ekffC3Tvq5N1ljnXRrFKcaSjbCmQ8JgYaI=
github.com/segmentio/go-snakecase v1.2.0 h1:4cTmEjPGi03WmyAHWBjX53viTpBkn/z+4DO++fqYvpw=
github.com/segmentio/go-snakecase v1.2.0/go.mod h1:jk1miR5MS7Na32PZUykG89Arm+1BUSYhuGR6b7+hJto=
golang.org/x/exp v0.0.0-20240823005443-9b4947da3948 h1:kx6Ds3MlpiUHKj7syVnbp57++8WpuKPcR5yjLBjvLEA=
golang.org/x/exp v0.0.0-20240823005443-9b4947da3948/go.mod h1:akd2r19cwCdwSwWeIdzYQGa/EZZyqcOdwWiwj5L5eKQ=
gopkg.in/check.v1 v0.0.0-20161208181325-20d25e280405/go.mod h1:Co6ibVJAznAaIkqp8huTwlJQCZ016jof/cbN4VW5Yz0=
gopkg.in/yaml.v3 v3.0.1 h1:fxVm/GzAzEWqLHuvctI91KS9hhNmmWOoWu0XTYJS7CA=
gopkg.in/yaml.v3 v3.0.1/go.mod h1:K4uyk7z7BCEPqu6E+C64Yfv1cQ7kz7rIZviUmN+EgEM=
